Microsoft Visual Studio Solution File, Format Version 12.00
# Visual Studio Version 17
VisualStudioVersion = 17.5.2.0
MinimumVisualStudioVersion = 10.0.40219.1
Project("{FAE04EC0-301F-11D3-BF4B-00C04F79EFBC}") = "AudioDual", "AudioDual.csproj", "{6EE75B7B-644F-7D8A-3EAD-3CCE7B94092B}"
EndProject
Global
	GlobalSection(SolutionConfigurationPlatforms) = preSolution
		Debug|Any CPU = Debug|Any CPU
		Release|Any CPU = Release|Any CPU
	EndGlobalSection
	GlobalSection(ProjectConfigurationPlatforms) = postSolution
		{6EE75B7B-644F-7D8A-3EAD-3CCE7B94092B}.Debug|Any CPU.ActiveCfg = Debug|Any CPU
		{6EE75B7B-644F-7D8A-3EAD-3CCE7B94092B}.Debug|Any CPU.Build.0 = Debug|Any CPU
		{6EE75B7B-644F-7D8A-3EAD-3CCE7B94092B}.Release|Any CPU.ActiveCfg = Release|Any CPU
		{6EE75B7B-644F-7D8A-3EAD-3CCE7B94092B}.Release|Any CPU.Build.0 = Release|Any CPU
	EndGlobalSection
	GlobalSection(SolutionProperties) = preSolution
		HideSolutionNode = FALSE
	EndGlobalSection
	GlobalSection(ExtensibilityGlobals) = postSolution
		SolutionGuid = {DE4E3D2D-3F36-4283-ACF4-DB56D9F4CB0B}
	EndGlobalSection
EndGlobal
